{
  "name": "harshcli-test",
  "version": "1.0.0",
  "lockfileVersion": 1,
  "requires": true,
  "dependencies": {
    "harshclitest": {
      "version": "1.0.0",
      "resolved": "https://registry.npmjs.org/harshclitest/-/harshclitest-1.0.0.tgz",
      "integrity": "sha512-dsi7Iih3dmRdhP+uU+di3ww6M/9QDq3fDMTMDP0k4qNRM+2bwXVnIe5hIvXsTJRlx2XjiMHHZ8h0jTbYzdgxLg=="
    }
  }
}
